
Microsoft Visual Studio Solution File, Format Version 12.00
# Visual Studio Version 16
VisualStudioVersion = 16.0.29215.179
MinimumVisualStudioVersion = 10.0.40219.1
Project("{FAE04EC0-301F-11D3-BF4B-00C04F79EFBC}") = "Degreed.WebApi", "Degreed.WebApi\Degreed.WebApi.csproj", "{D8FB6675-C167-4744-9B9F-143A65F72926}"
EndProject
Project("{FAE04EC0-301F-11D3-BF4B-00C04F79EFBC}") = "Degreed.Tests", "Degreed.Tests\Degreed.Tests.csproj", "{33B54403-3FEF-465C-BE73-1F6A600D381E}"
EndProject
Project("{2150E333-8FDC-42A3-9474-1A3956D46DE8}") = "1. Services", "1. Services", "{42C68467-2E32-4BCF-A0F2-4EF93E7FEC10}"
EndProject
Project("{2150E333-8FDC-42A3-9474-1A3956D46DE8}") = "2. Business", "2. Business", "{9163F39A-15EE-4EC7-A1B5-4D564EBA9C6A}"
EndProject
Project("{2150E333-8FDC-42A3-9474-1A3956D46DE8}") = "0. Clients", "0. Clients", "{B5D6048A-6494-4FE2-949A-EE78B46CE5A8}"
EndProject
Project("{2150E333-8FDC-42A3-9474-1A3956D46DE8}") = "4. Data", "4. Data", "{90FEB19F-EDFF-4EEB-9450-44E1D7BCC37F}"
EndProject
Project("{2150E333-8FDC-42A3-9474-1A3956D46DE8}") = "5. Tests", "5. Tests", "{5135D8F6-D009-4E5D-8FFB-614DD378329A}"
EndProject
Project("{FAE04EC0-301F-11D3-BF4B-00C04F79EFBC}") = "Degreed.Business", "Degreed.Business\Degreed.Business.csproj", "{2103D497-6B20-4C15-B9B2-EE4838168219}"
EndProject
Project("{FAE04EC0-301F-11D3-BF4B-00C04F79EFBC}") = "Degreed.Business.Contracts", "Degreed.Business.Contracts\Degreed.Business.Contracts.csproj", "{D3C14A67-8D08-42F2-BB34-EC18C35B11A0}"
EndProject
Project("{FAE04EC0-301F-11D3-BF4B-00C04F79EFBC}") = "Degreed.Data", "Degreed.Data\Degreed.Data.csproj", "{59834BFA-0C59-47E0-8D1B-9BDD70781CC0}"
EndProject
Project("{FAE04EC0-301F-11D3-BF4B-00C04F79EFBC}") = "Degreed.Data.Contracts", "Degreed.Data.Contracts\Degreed.Data.Contracts.csproj", "{552842F8-C9F1-426E-BD9A-0931B5EDFBB9}"
EndProject
Project("{2150E333-8FDC-42A3-9474-1A3956D46DE8}") = "3. Common", "3. Common", "{1264C65A-872A-4B2D-A6F3-5141290FFB72}"
EndProject
Project("{FAE04EC0-301F-11D3-BF4B-00C04F79EFBC}") = "Degreed.Domain", "Degreed.Domain\Degreed.Domain.csproj", "{1904CAD4-9553-41E2-A51E-CACAEF44839F}"
EndProject
Project("{FAE04EC0-301F-11D3-BF4B-00C04F79EFBC}") = "Degreed.Utilities", "Degreed.Shared\Degreed.Utilities.csproj", "{09BD2EA1-F62E-48D6-963E-20938ABEB81E}"
EndProject
Project("{FAE04EC0-301F-11D3-BF4B-00C04F79EFBC}") = "Degreed.Client.SPA", "Degreed.Client.SPA\Degreed.Client.SPA.csproj", "{227ECC0D-3BED-4D82-938D-F38413697FAE}"
EndProject
Global
	GlobalSection(SolutionConfigurationPlatforms) = preSolution
		Debug|Any CPU = Debug|Any CPU
		Release|Any CPU = Release|Any CPU
	EndGlobalSection
	GlobalSection(ProjectConfigurationPlatforms) = postSolution
		{D8FB6675-C167-4744-9B9F-143A65F72926}.Debug|Any CPU.ActiveCfg = Debug|Any CPU
		{D8FB6675-C167-4744-9B9F-143A65F72926}.Debug|Any CPU.Build.0 = Debug|Any CPU
		{D8FB6675-C167-4744-9B9F-143A65F72926}.Release|Any CPU.ActiveCfg = Release|Any CPU
		{D8FB6675-C167-4744-9B9F-143A65F72926}.Release|Any CPU.Build.0 = Release|Any CPU
		{33B54403-3FEF-465C-BE73-1F6A600D381E}.Debug|Any CPU.ActiveCfg = Debug|Any CPU
		{33B54403-3FEF-465C-BE73-1F6A600D381E}.Debug|Any CPU.Build.0 = Debug|Any CPU
		{33B54403-3FEF-465C-BE73-1F6A600D381E}.Release|Any CPU.ActiveCfg = Release|Any CPU
		{33B54403-3FEF-465C-BE73-1F6A600D381E}.Release|Any CPU.Build.0 = Release|Any CPU
		{2103D497-6B20-4C15-B9B2-EE4838168219}.Debug|Any CPU.ActiveCfg = Debug|Any CPU
		{2103D497-6B20-4C15-B9B2-EE4838168219}.Debug|Any CPU.Build.0 = Debug|Any CPU
		{2103D497-6B20-4C15-B9B2-EE4838168219}.Release|Any CPU.ActiveCfg = Release|Any CPU
		{2103D497-6B20-4C15-B9B2-EE4838168219}.Release|Any CPU.Build.0 = Release|Any CPU
		{D3C14A67-8D08-42F2-BB34-EC18C35B11A0}.Debug|Any CPU.ActiveCfg = Debug|Any CPU
		{D3C14A67-8D08-42F2-BB34-EC18C35B11A0}.Debug|Any CPU.Build.0 = Debug|Any CPU
		{D3C14A67-8D08-42F2-BB34-EC18C35B11A0}.Release|Any CPU.ActiveCfg = Release|Any CPU
		{D3C14A67-8D08-42F2-BB34-EC18C35B11A0}.Release|Any CPU.Build.0 = Release|Any CPU
		{59834BFA-0C59-47E0-8D1B-9BDD70781CC0}.Debug|Any CPU.ActiveCfg = Debug|Any CPU
		{59834BFA-0C59-47E0-8D1B-9BDD70781CC0}.Debug|Any CPU.Build.0 = Debug|Any CPU
		{59834BFA-0C59-47E0-8D1B-9BDD70781CC0}.Release|Any CPU.ActiveCfg = Release|Any CPU
		{59834BFA-0C59-47E0-8D1B-9BDD70781CC0}.Release|Any CPU.Build.0 = Release|Any CPU
		{552842F8-C9F1-426E-BD9A-0931B5EDFBB9}.Debug|Any CPU.ActiveCfg = Debug|Any CPU
		{552842F8-C9F1-426E-BD9A-0931B5EDFBB9}.Debug|Any CPU.Build.0 = Debug|Any CPU
		{552842F8-C9F1-426E-BD9A-0931B5EDFBB9}.Release|Any CPU.ActiveCfg = Release|Any CPU
		{552842F8-C9F1-426E-BD9A-0931B5EDFBB9}.Release|Any CPU.Build.0 = Release|Any CPU
		{1904CAD4-9553-41E2-A51E-CACAEF44839F}.Debug|Any CPU.ActiveCfg = Debug|Any CPU
		{1904CAD4-9553-41E2-A51E-CACAEF44839F}.Debug|Any CPU.Build.0 = Debug|Any CPU
		{1904CAD4-9553-41E2-A51E-CACAEF44839F}.Release|Any CPU.ActiveCfg = Release|Any CPU
		{1904CAD4-9553-41E2-A51E-CACAEF44839F}.Release|Any CPU.Build.0 = Release|Any CPU
		{09BD2EA1-F62E-48D6-963E-20938ABEB81E}.Debug|Any CPU.ActiveCfg = Debug|Any CPU
		{09BD2EA1-F62E-48D6-963E-20938ABEB81E}.Debug|Any CPU.Build.0 = Debug|Any CPU
		{09BD2EA1-F62E-48D6-963E-20938ABEB81E}.Release|Any CPU.ActiveCfg = Release|Any CPU
		{09BD2EA1-F62E-48D6-963E-20938ABEB81E}.Release|Any CPU.Build.0 = Release|Any CPU
		{227ECC0D-3BED-4D82-938D-F38413697FAE}.Debug|Any CPU.ActiveCfg = Debug|Any CPU
		{227ECC0D-3BED-4D82-938D-F38413697FAE}.Debug|Any CPU.Build.0 = Debug|Any CPU
		{227ECC0D-3BED-4D82-938D-F38413697FAE}.Release|Any CPU.ActiveCfg = Release|Any CPU
		{227ECC0D-3BED-4D82-938D-F38413697FAE}.Release|Any CPU.Build.0 = Release|Any CPU
	EndGlobalSection
	GlobalSection(SolutionProperties) = preSolution
		HideSolutionNode = FALSE
	EndGlobalSection
	GlobalSection(NestedProjects) = preSolution
		{D8FB6675-C167-4744-9B9F-143A65F72926} = {42C68467-2E32-4BCF-A0F2-4EF93E7FEC10}
		{33B54403-3FEF-465C-BE73-1F6A600D381E} = {5135D8F6-D009-4E5D-8FFB-614DD378329A}
		{2103D497-6B20-4C15-B9B2-EE4838168219} = {9163F39A-15EE-4EC7-A1B5-4D564EBA9C6A}
		{D3C14A67-8D08-42F2-BB34-EC18C35B11A0} = {9163F39A-15EE-4EC7-A1B5-4D564EBA9C6A}
		{59834BFA-0C59-47E0-8D1B-9BDD70781CC0} = {90FEB19F-EDFF-4EEB-9450-44E1D7BCC37F}
		{552842F8-C9F1-426E-BD9A-0931B5EDFBB9} = {90FEB19F-EDFF-4EEB-9450-44E1D7BCC37F}
		{1904CAD4-9553-41E2-A51E-CACAEF44839F} = {1264C65A-872A-4B2D-A6F3-5141290FFB72}
		{09BD2EA1-F62E-48D6-963E-20938ABEB81E} = {1264C65A-872A-4B2D-A6F3-5141290FFB72}
		{227ECC0D-3BED-4D82-938D-F38413697FAE} = {B5D6048A-6494-4FE2-949A-EE78B46CE5A8}
	EndGlobalSection
	GlobalSection(ExtensibilityGlobals) = postSolution
		SolutionGuid = {AC010AE7-A9E8-4406-8915-7EA3D273481E}
	EndGlobalSection
EndGlobal
